
Microsoft Visual Studio Solution File, Format Version 12.00
# Visual Studio 15
VisualStudioVersion = 15.0.27130.2003
MinimumVisualStudioVersion = 10.0.40219.1
Project("{FAE04EC0-301F-11D3-BF4B-00C04F79EFBC}") = "dff2dsf", "dff2dsf\dff2dsf.csproj", "{4A66CF38-189B-4689-B516-FBE4C327FCA1}"
EndProject
Global
	GlobalSection(SolutionConfigurationPlatforms) = preSolution
		Debug|Any CPU = Debug|Any CPU
		Release|Any CPU = Release|Any CPU
	EndGlobalSection
	GlobalSection(ProjectConfigurationPlatforms) = postSolution
		{4A66CF38-189B-4689-B516-FBE4C327FCA1}.Debug|Any CPU.ActiveCfg = Debug|Any CPU
		{4A66CF38-189B-4689-B516-FBE4C327FCA1}.Debug|Any CPU.Build.0 = Debug|Any CPU
		{4A66CF38-189B-4689-B516-FBE4C327FCA1}.Release|Any CPU.ActiveCfg = Release|Any CPU
		{4A66CF38-189B-4689-B516-FBE4C327FCA1}.Release|Any CPU.Build.0 = Release|Any CPU
	EndGlobalSection
	GlobalSection(SolutionProperties) = preSolution
		HideSolutionNode = FALSE
	EndGlobalSection
	GlobalSection(ExtensibilityGlobals) = postSolution
		SolutionGuid = {2BA0A9CF-CB5B-40D6-B6C0-F05C4F06B9A3}
	EndGlobalSection
EndGlobal
